
Microsoft Visual Studio Solution File, Format Version 12.00
# Visual Studio Version 16
VisualStudioVersion = 16.0.31911.196
MinimumVisualStudioVersion = 10.0.40219.1
Project("{FAE04EC0-301F-11D3-BF4B-00C04F79EFBC}") = "CRCHash", "CRCHash\CRCHash.csproj", "{CDD39C2B-77AA-4D58-9338-EEE3A0194509}"
EndProject
Global
	GlobalSection(SolutionConfigurationPlatforms) = preSolution
		Debug|Any CPU = Debug|Any CPU
		Release|Any CPU = Release|Any CPU
	EndGlobalSection
	GlobalSection(ProjectConfigurationPlatforms) = postSolution
		{CDD39C2B-77AA-4D58-9338-EEE3A0194509}.Debug|Any CPU.ActiveCfg = Debug|Any CPU
		{CDD39C2B-77AA-4D58-9338-EEE3A0194509}.Debug|Any CPU.Build.0 = Debug|Any CPU
		{CDD39C2B-77AA-4D58-9338-EEE3A0194509}.Release|Any CPU.ActiveCfg = Release|Any CPU
		{CDD39C2B-77AA-4D58-9338-EEE3A0194509}.Release|Any CPU.Build.0 = Release|Any CPU
	EndGlobalSection
	GlobalSection(SolutionProperties) = preSolution
		HideSolutionNode = FALSE
	EndGlobalSection
	GlobalSection(ExtensibilityGlobals) = postSolution
		SolutionGuid = {C222CCA4-0D14-4F7E-9F5B-3128244CA1D5}
	EndGlobalSection
EndGlobal
